
Microsoft Visual Studio Solution File, Format Version 12.00
# Visual Studio Version 16
VisualStudioVersion = 16.0.28803.202
MinimumVisualStudioVersion = 10.0.40219.1
Project("{8BC9CEB8-8B4A-11D0-8D11-00A0C91BC942}") = "MuteAssistant", "MuteAssistant.vcxproj", "{1425675B-7496-4CE5-9420-52EE6916DF8E}"
EndProject
Global
	GlobalSection(SolutionConfigurationPlatforms) = preSolution
		Debug|x64 = Debug|x64
		Debug|x86 = Debug|x86
		Release|x64 = Release|x64
		Release|x86 = Release|x86
	EndGlobalSection
	GlobalSection(ProjectConfigurationPlatforms) = postSolution
		{1425675B-7496-4CE5-9420-52EE6916DF8E}.Debug|x64.ActiveCfg = Debug|x64
		{1425675B-7496-4CE5-9420-52EE6916DF8E}.Debug|x64.Build.0 = Debug|x64
		{1425675B-7496-4CE5-9420-52EE6916DF8E}.Debug|x86.ActiveCfg = Debug|Win32
		{1425675B-7496-4CE5-9420-52EE6916DF8E}.Debug|x86.Build.0 = Debug|Win32
		{1425675B-7496-4CE5-9420-52EE6916DF8E}.Release|x64.ActiveCfg = Release|x64
		{1425675B-7496-4CE5-9420-52EE6916DF8E}.Release|x64.Build.0 = Release|x64
		{1425675B-7496-4CE5-9420-52EE6916DF8E}.Release|x86.ActiveCfg = Release|Win32
		{1425675B-7496-4CE5-9420-52EE6916DF8E}.Release|x86.Build.0 = Release|Win32
	EndGlobalSection
	GlobalSection(SolutionProperties) = preSolution
		HideSolutionNode = FALSE
	EndGlobalSection
	GlobalSection(ExtensibilityGlobals) = postSolution
		SolutionGuid = {C7931B0B-B8FB-494B-9F4C-05F80D71E224}
	EndGlobalSection
EndGlobal
